
Microsoft Visual Studio Solution File, Format Version 12.00
# Visual Studio 15
VisualStudioVersion = 15.0.27004.2002
MinimumVisualStudioVersion = 10.0.40219.1
Project("{FAE04EC0-301F-11D3-BF4B-00C04F79EFBC}") = "Hello", "Hello\Hello.csproj", "{E7E9C590-242A-4AAA-87B2-B151F6D9B27E}"
EndProject
Global
	GlobalSection(SolutionConfigurationPlatforms) = preSolution
		Debug|Any CPU = Debug|Any CPU
		Release|Any CPU = Release|Any CPU
	EndGlobalSection
	GlobalSection(ProjectConfigurationPlatforms) = postSolution
		{E7E9C590-242A-4AAA-87B2-B151F6D9B27E}.Debug|Any CPU.ActiveCfg = Debug|Any CPU
		{E7E9C590-242A-4AAA-87B2-B151F6D9B27E}.Debug|Any CPU.Build.0 = Debug|Any CPU
		{E7E9C590-242A-4AAA-87B2-B151F6D9B27E}.Release|Any CPU.ActiveCfg = Release|Any CPU
		{E7E9C590-242A-4AAA-87B2-B151F6D9B27E}.Release|Any CPU.Build.0 = Release|Any CPU
	EndGlobalSection
	GlobalSection(SolutionProperties) = preSolution
		HideSolutionNode = FALSE
	EndGlobalSection
	GlobalSection(ExtensibilityGlobals) = postSolution
		SolutionGuid = {0AE773BC-09EF-4F8A-BCB4-A5D902898FF0}
	EndGlobalSection
EndGlobal
